
Microsoft Visual Studio Solution File, Format Version 12.00
# Visual Studio 15
VisualStudioVersion = 15.0.28307.168
MinimumVisualStudioVersion = 10.0.40219.1
Project("{2150E333-8FDC-42A3-9474-1A3956D46DE8}") = "ComputerVision", "ComputerVision", "{22A5EE50-0F5A-4772-B94E-A9B3371C6C03}"
EndProject
Project("{FAE04EC0-301F-11D3-BF4B-00C04F79EFBC}") = "PictureAnalyzer", "PictureAnalyzer\PictureAnalyzer.csproj", "{5EE3D939-8F56-43F6-A661-A657EFFEB2F5}"
EndProject
Project("{2150E333-8FDC-42A3-9474-1A3956D46DE8}") = ".NET", ".NET", "{FCC7047B-2672-4CB3-B970-0236C683F9FE}"
EndProject
Project("{2150E333-8FDC-42A3-9474-1A3956D46DE8}") = "Python", "Python", "{C93B62BE-1E1D-4EB5-947F-D639D84C8C25}"
EndProject
Project("{888888A0-9F3D-457C-B088-3A5042F75D52}") = "PictureAnalyzerPy", "PictureAnalyzerPy\PictureAnalyzerPy.pyproj", "{FD346A52-088E-4E88-AC1E-19C8B15389FE}"
EndProject
Project("{FAE04EC0-301F-11D3-BF4B-00C04F79EFBC}") = "PictureAnalyzerSdk", "PictureAnalyzerSdk\PictureAnalyzerSdk.csproj", "{1575B446-9CCB-4419-968F-EAB213784B18}"
EndProject
Project("{2150E333-8FDC-42A3-9474-1A3956D46DE8}") = "Solution Items", "Solution Items", "{02B26B0E-D316-4DA4-AD31-39A42250F135}"
	ProjectSection(SolutionItems) = preProject
		..\README.md = ..\README.md
	EndProjectSection
EndProject
Project("{2150E333-8FDC-42A3-9474-1A3956D46DE8}") = "Java", "Java", "{A666BB1C-3F5E-42CD-9362-4AF2E1FE765C}"
	ProjectSection(SolutionItems) = preProject
		PictureAnalyzerJava\src\sf\services\cognitive\vision\Main.java = PictureAnalyzerJava\src\sf\services\cognitive\vision\Main.java
	EndProjectSection
EndProject
Project("{2150E333-8FDC-42A3-9474-1A3956D46DE8}") = "Language", "Language", "{17C94DF3-D6E8-4F96-9118-9757A26A8F44}"
EndProject
Project("{2150E333-8FDC-42A3-9474-1A3956D46DE8}") = ".NET", ".NET", "{25409F12-D774-4D83-A6EC-0FE092B65795}"
EndProject
Project("{2150E333-8FDC-42A3-9474-1A3956D46DE8}") = "Python", "Python", "{D26D5E3F-E3BA-4E87-B209-73F18B2683AC}"
EndProject
Project("{888888A0-9F3D-457C-B088-3A5042F75D52}") = "TextAnalyzerPy", "TextAnalyzerPy\TextAnalyzerPy.pyproj", "{EE62D09E-587C-4A89-B516-B4BEF4515F3D}"
EndProject
Project("{FAE04EC0-301F-11D3-BF4B-00C04F79EFBC}") = "TextAnalyzerSdk", "TextAnalyzerSdk\TextAnalyzerSdk.csproj", "{45AE380C-D3DB-4C0F-BAF3-72E3D7E990DD}"
EndProject
Global
	GlobalSection(SolutionConfigurationPlatforms) = preSolution
		Debug|Any CPU = Debug|Any CPU
		Release|Any CPU = Release|Any CPU
	EndGlobalSection
	GlobalSection(ProjectConfigurationPlatforms) = postSolution
		{5EE3D939-8F56-43F6-A661-A657EFFEB2F5}.Debug|Any CPU.ActiveCfg = Debug|Any CPU
		{5EE3D939-8F56-43F6-A661-A657EFFEB2F5}.Debug|Any CPU.Build.0 = Debug|Any CPU
		{5EE3D939-8F56-43F6-A661-A657EFFEB2F5}.Release|Any CPU.ActiveCfg = Release|Any CPU
		{5EE3D939-8F56-43F6-A661-A657EFFEB2F5}.Release|Any CPU.Build.0 = Release|Any CPU
		{FD346A52-088E-4E88-AC1E-19C8B15389FE}.Debug|Any CPU.ActiveCfg = Debug|Any CPU
		{FD346A52-088E-4E88-AC1E-19C8B15389FE}.Release|Any CPU.ActiveCfg = Release|Any CPU
		{1575B446-9CCB-4419-968F-EAB213784B18}.Debug|Any CPU.ActiveCfg = Debug|Any CPU
		{1575B446-9CCB-4419-968F-EAB213784B18}.Debug|Any CPU.Build.0 = Debug|Any CPU
		{1575B446-9CCB-4419-968F-EAB213784B18}.Release|Any CPU.ActiveCfg = Release|Any CPU
		{1575B446-9CCB-4419-968F-EAB213784B18}.Release|Any CPU.Build.0 = Release|Any CPU
		{EE62D09E-587C-4A89-B516-B4BEF4515F3D}.Debug|Any CPU.ActiveCfg = Debug|Any CPU
		{EE62D09E-587C-4A89-B516-B4BEF4515F3D}.Release|Any CPU.ActiveCfg = Release|Any CPU
		{45AE380C-D3DB-4C0F-BAF3-72E3D7E990DD}.Debug|Any CPU.ActiveCfg = Debug|Any CPU
		{45AE380C-D3DB-4C0F-BAF3-72E3D7E990DD}.Debug|Any CPU.Build.0 = Debug|Any CPU
		{45AE380C-D3DB-4C0F-BAF3-72E3D7E990DD}.Release|Any CPU.ActiveCfg = Release|Any CPU
		{45AE380C-D3DB-4C0F-BAF3-72E3D7E990DD}.Release|Any CPU.Build.0 = Release|Any CPU
	EndGlobalSection
	GlobalSection(SolutionProperties) = preSolution
		HideSolutionNode = FALSE
	EndGlobalSection
	GlobalSection(NestedProjects) = preSolution
		{5EE3D939-8F56-43F6-A661-A657EFFEB2F5} = {FCC7047B-2672-4CB3-B970-0236C683F9FE}
		{FCC7047B-2672-4CB3-B970-0236C683F9FE} = {22A5EE50-0F5A-4772-B94E-A9B3371C6C03}
		{C93B62BE-1E1D-4EB5-947F-D639D84C8C25} = {22A5EE50-0F5A-4772-B94E-A9B3371C6C03}
		{FD346A52-088E-4E88-AC1E-19C8B15389FE} = {C93B62BE-1E1D-4EB5-947F-D639D84C8C25}
		{1575B446-9CCB-4419-968F-EAB213784B18} = {FCC7047B-2672-4CB3-B970-0236C683F9FE}
		{A666BB1C-3F5E-42CD-9362-4AF2E1FE765C} = {22A5EE50-0F5A-4772-B94E-A9B3371C6C03}
		{25409F12-D774-4D83-A6EC-0FE092B65795} = {17C94DF3-D6E8-4F96-9118-9757A26A8F44}
		{D26D5E3F-E3BA-4E87-B209-73F18B2683AC} = {17C94DF3-D6E8-4F96-9118-9757A26A8F44}
		{EE62D09E-587C-4A89-B516-B4BEF4515F3D} = {D26D5E3F-E3BA-4E87-B209-73F18B2683AC}
		{45AE380C-D3DB-4C0F-BAF3-72E3D7E990DD} = {25409F12-D774-4D83-A6EC-0FE092B65795}
	EndGlobalSection
	GlobalSection(ExtensibilityGlobals) = postSolution
		SolutionGuid = {FB83572D-D13C-435F-9BF6-DD6DF2F26FBB}
	EndGlobalSection
EndGlobal
