
Microsoft Visual Studio Solution File, Format Version 12.00
# Visual Studio 15
VisualStudioVersion = 15.0.28307.168
MinimumVisualStudioVersion = 10.0.40219.1
Project("{2150E333-8FDC-42A3-9474-1A3956D46DE8}") = "ImageAnalyze", "ImageAnalyze", "{22A5EE50-0F5A-4772-B94E-A9B3371C6C03}"
EndProject
Project("{FAE04EC0-301F-11D3-BF4B-00C04F79EFBC}") = "PictureAnalyzer", "PictureAnalyzer\PictureAnalyzer.csproj", "{5EE3D939-8F56-43F6-A661-A657EFFEB2F5}"
EndProject
Project("{2150E333-8FDC-42A3-9474-1A3956D46DE8}") = ".NET", ".NET", "{FCC7047B-2672-4CB3-B970-0236C683F9FE}"
EndProject
Project("{2150E333-8FDC-42A3-9474-1A3956D46DE8}") = "Python", "Python", "{C93B62BE-1E1D-4EB5-947F-D639D84C8C25}"
EndProject
Project("{888888A0-9F3D-457C-B088-3A5042F75D52}") = "PictureAnalyzerPy", "PictureAnalyzerPy\PictureAnalyzerPy.pyproj", "{FD346A52-088E-4E88-AC1E-19C8B15389FE}"
EndProject
Project("{FAE04EC0-301F-11D3-BF4B-00C04F79EFBC}") = "PictureAnalyzerSdk", "PictureAnalyzerSdk\PictureAnalyzerSdk.csproj", "{1575B446-9CCB-4419-968F-EAB213784B18}"
EndProject
Project("{2150E333-8FDC-42A3-9474-1A3956D46DE8}") = "Solution Items", "Solution Items", "{02B26B0E-D316-4DA4-AD31-39A42250F135}"
	ProjectSection(SolutionItems) = preProject
		..\README.md = ..\README.md
	EndProjectSection
EndProject
Project("{2150E333-8FDC-42A3-9474-1A3956D46DE8}") = "Java", "Java", "{A666BB1C-3F5E-42CD-9362-4AF2E1FE765C}"
	ProjectSection(SolutionItems) = preProject
		PictureAnalyzerJava\src\sf\services\cognitive\vision\Main.java = PictureAnalyzerJava\src\sf\services\cognitive\vision\Main.java
	EndProjectSection
EndProject
Project("{2150E333-8FDC-42A3-9474-1A3956D46DE8}") = "TextAnalyze", "TextAnalyze", "{17C94DF3-D6E8-4F96-9118-9757A26A8F44}"
EndProject
Project("{2150E333-8FDC-42A3-9474-1A3956D46DE8}") = ".NET", ".NET", "{25409F12-D774-4D83-A6EC-0FE092B65795}"
EndProject
Project("{2150E333-8FDC-42A3-9474-1A3956D46DE8}") = "Python", "Python", "{D26D5E3F-E3BA-4E87-B209-73F18B2683AC}"
EndProject
Project("{888888A0-9F3D-457C-B088-3A5042F75D52}") = "TextAnalyzerPy", "TextAnalyzerPy\TextAnalyzerPy.pyproj", "{EE62D09E-587C-4A89-B516-B4BEF4515F3D}"
EndProject
Project("{FAE04EC0-301F-11D3-BF4B-00C04F79EFBC}") = "TextAnalyzerSdk", "TextAnalyzerSdk\TextAnalyzerSdk.csproj", "{45AE380C-D3DB-4C0F-BAF3-72E3D7E990DD}"
EndProject
Project("{FAE04EC0-301F-11D3-BF4B-00C04F79EFBC}") = "CharacterRecognizerOcr", "CharacterRecognizerOCR\CharacterRecognizerOcr.csproj", "{95D04632-B7EE-4FE4-9F09-F8D9656818B3}"
EndProject
Project("{FAE04EC0-301F-11D3-BF4B-00C04F79EFBC}") = "CharacterRecognizerOcrSdk", "CharacterRecognizerOcrSdk\CharacterRecognizerOcrSdk.csproj", "{F017A23D-1134-4A30-8F8B-C0CE46F0AD91}"
EndProject
Project("{2150E333-8FDC-42A3-9474-1A3956D46DE8}") = "Lab-1-2Code", "Lab-1-2Code", "{1B59A100-6508-4BC3-AAC4-D11737F0792A}"
	ProjectSection(SolutionItems) = preProject
		README.md = README.md
	EndProjectSection
EndProject
Project("{2150E333-8FDC-42A3-9474-1A3956D46DE8}") = "OCR", "OCR", "{E87C265A-3D4C-477D-9483-201B68B7BE4D}"
EndProject
Project("{2150E333-8FDC-42A3-9474-1A3956D46DE8}") = "ComputerVision", "ComputerVision", "{031C42F3-CDC8-49B8-BBD4-349DB59082E8}"
EndProject
Project("{2150E333-8FDC-42A3-9474-1A3956D46DE8}") = ".NET", ".NET", "{A6F71DC8-3F9F-40D3-B991-8C70ED014DDE}"
EndProject
Project("{2150E333-8FDC-42A3-9474-1A3956D46DE8}") = "AI_Tools", "AI_Tools", "{3532D21D-024C-4510-8F7B-A96E0F0F1863}"
EndProject
Project("{FAE04EC0-301F-11D3-BF4B-00C04F79EFBC}") = "SpellCheckApp_AITools", "SpellCheckApp_AITools\SpellCheckApp_AITools.csproj", "{955416DD-E32D-46F6-B61D-864084BD2E5E}"
EndProject
Global
	GlobalSection(SolutionConfigurationPlatforms) = preSolution
		Debug|Any CPU = Debug|Any CPU
		Release|Any CPU = Release|Any CPU
	EndGlobalSection
	GlobalSection(ProjectConfigurationPlatforms) = postSolution
		{5EE3D939-8F56-43F6-A661-A657EFFEB2F5}.Debug|Any CPU.ActiveCfg = Debug|Any CPU
		{5EE3D939-8F56-43F6-A661-A657EFFEB2F5}.Debug|Any CPU.Build.0 = Debug|Any CPU
		{5EE3D939-8F56-43F6-A661-A657EFFEB2F5}.Release|Any CPU.ActiveCfg = Release|Any CPU
		{5EE3D939-8F56-43F6-A661-A657EFFEB2F5}.Release|Any CPU.Build.0 = Release|Any CPU
		{FD346A52-088E-4E88-AC1E-19C8B15389FE}.Debug|Any CPU.ActiveCfg = Debug|Any CPU
		{FD346A52-088E-4E88-AC1E-19C8B15389FE}.Release|Any CPU.ActiveCfg = Release|Any CPU
		{1575B446-9CCB-4419-968F-EAB213784B18}.Debug|Any CPU.ActiveCfg = Debug|Any CPU
		{1575B446-9CCB-4419-968F-EAB213784B18}.Debug|Any CPU.Build.0 = Debug|Any CPU
		{1575B446-9CCB-4419-968F-EAB213784B18}.Release|Any CPU.ActiveCfg = Release|Any CPU
		{1575B446-9CCB-4419-968F-EAB213784B18}.Release|Any CPU.Build.0 = Release|Any CPU
		{EE62D09E-587C-4A89-B516-B4BEF4515F3D}.Debug|Any CPU.ActiveCfg = Debug|Any CPU
		{EE62D09E-587C-4A89-B516-B4BEF4515F3D}.Release|Any CPU.ActiveCfg = Release|Any CPU
		{45AE380C-D3DB-4C0F-BAF3-72E3D7E990DD}.Debug|Any CPU.ActiveCfg = Debug|Any CPU
		{45AE380C-D3DB-4C0F-BAF3-72E3D7E990DD}.Debug|Any CPU.Build.0 = Debug|Any CPU
		{45AE380C-D3DB-4C0F-BAF3-72E3D7E990DD}.Release|Any CPU.ActiveCfg = Release|Any CPU
		{45AE380C-D3DB-4C0F-BAF3-72E3D7E990DD}.Release|Any CPU.Build.0 = Release|Any CPU
		{95D04632-B7EE-4FE4-9F09-F8D9656818B3}.Debug|Any CPU.ActiveCfg = Debug|Any CPU
		{95D04632-B7EE-4FE4-9F09-F8D9656818B3}.Debug|Any CPU.Build.0 = Debug|Any CPU
		{95D04632-B7EE-4FE4-9F09-F8D9656818B3}.Release|Any CPU.ActiveCfg = Release|Any CPU
		{95D04632-B7EE-4FE4-9F09-F8D9656818B3}.Release|Any CPU.Build.0 = Release|Any CPU
		{F017A23D-1134-4A30-8F8B-C0CE46F0AD91}.Debug|Any CPU.ActiveCfg = Debug|Any CPU
		{F017A23D-1134-4A30-8F8B-C0CE46F0AD91}.Debug|Any CPU.Build.0 = Debug|Any CPU
		{F017A23D-1134-4A30-8F8B-C0CE46F0AD91}.Release|Any CPU.ActiveCfg = Release|Any CPU
		{F017A23D-1134-4A30-8F8B-C0CE46F0AD91}.Release|Any CPU.Build.0 = Release|Any CPU
		{955416DD-E32D-46F6-B61D-864084BD2E5E}.Debug|Any CPU.ActiveCfg = Debug|Any CPU
		{955416DD-E32D-46F6-B61D-864084BD2E5E}.Debug|Any CPU.Build.0 = Debug|Any CPU
		{955416DD-E32D-46F6-B61D-864084BD2E5E}.Release|Any CPU.ActiveCfg = Release|Any CPU
		{955416DD-E32D-46F6-B61D-864084BD2E5E}.Release|Any CPU.Build.0 = Release|Any CPU
	EndGlobalSection
	GlobalSection(SolutionProperties) = preSolution
		HideSolutionNode = FALSE
	EndGlobalSection
	GlobalSection(NestedProjects) = preSolution
		{5EE3D939-8F56-43F6-A661-A657EFFEB2F5} = {FCC7047B-2672-4CB3-B970-0236C683F9FE}
		{FCC7047B-2672-4CB3-B970-0236C683F9FE} = {031C42F3-CDC8-49B8-BBD4-349DB59082E8}
		{C93B62BE-1E1D-4EB5-947F-D639D84C8C25} = {031C42F3-CDC8-49B8-BBD4-349DB59082E8}
		{FD346A52-088E-4E88-AC1E-19C8B15389FE} = {C93B62BE-1E1D-4EB5-947F-D639D84C8C25}
		{1575B446-9CCB-4419-968F-EAB213784B18} = {FCC7047B-2672-4CB3-B970-0236C683F9FE}
		{A666BB1C-3F5E-42CD-9362-4AF2E1FE765C} = {031C42F3-CDC8-49B8-BBD4-349DB59082E8}
		{25409F12-D774-4D83-A6EC-0FE092B65795} = {17C94DF3-D6E8-4F96-9118-9757A26A8F44}
		{D26D5E3F-E3BA-4E87-B209-73F18B2683AC} = {17C94DF3-D6E8-4F96-9118-9757A26A8F44}
		{EE62D09E-587C-4A89-B516-B4BEF4515F3D} = {D26D5E3F-E3BA-4E87-B209-73F18B2683AC}
		{45AE380C-D3DB-4C0F-BAF3-72E3D7E990DD} = {25409F12-D774-4D83-A6EC-0FE092B65795}
		{95D04632-B7EE-4FE4-9F09-F8D9656818B3} = {A6F71DC8-3F9F-40D3-B991-8C70ED014DDE}
		{F017A23D-1134-4A30-8F8B-C0CE46F0AD91} = {A6F71DC8-3F9F-40D3-B991-8C70ED014DDE}
		{1B59A100-6508-4BC3-AAC4-D11737F0792A} = {02B26B0E-D316-4DA4-AD31-39A42250F135}
		{E87C265A-3D4C-477D-9483-201B68B7BE4D} = {22A5EE50-0F5A-4772-B94E-A9B3371C6C03}
		{031C42F3-CDC8-49B8-BBD4-349DB59082E8} = {22A5EE50-0F5A-4772-B94E-A9B3371C6C03}
		{A6F71DC8-3F9F-40D3-B991-8C70ED014DDE} = {E87C265A-3D4C-477D-9483-201B68B7BE4D}
		{3532D21D-024C-4510-8F7B-A96E0F0F1863} = {17C94DF3-D6E8-4F96-9118-9757A26A8F44}
		{955416DD-E32D-46F6-B61D-864084BD2E5E} = {3532D21D-024C-4510-8F7B-A96E0F0F1863}
	EndGlobalSection
	GlobalSection(ExtensibilityGlobals) = postSolution
		SolutionGuid = {FB83572D-D13C-435F-9BF6-DD6DF2F26FBB}
	EndGlobalSection
EndGlobal
