
Microsoft Visual Studio Solution File, Format Version 12.00
# Visual Studio 15
VisualStudioVersion = 15.0.28307.168
MinimumVisualStudioVersion = 10.0.40219.1
Project("{2150E333-8FDC-42A3-9474-1A3956D46DE8}") = "ComputerVision", "ComputerVision", "{22A5EE50-0F5A-4772-B94E-A9B3371C6C03}"
EndProject
Project("{FAE04EC0-301F-11D3-BF4B-00C04F79EFBC}") = "PictureAnalyzer", "PictureAnalyzer\PictureAnalyzer.csproj", "{5EE3D939-8F56-43F6-A661-A657EFFEB2F5}"
EndProject
Global
	GlobalSection(SolutionConfigurationPlatforms) = preSolution
		Debug|Any CPU = Debug|Any CPU
		Release|Any CPU = Release|Any CPU
	EndGlobalSection
	GlobalSection(ProjectConfigurationPlatforms) = postSolution
		{5EE3D939-8F56-43F6-A661-A657EFFEB2F5}.Debug|Any CPU.ActiveCfg = Debug|Any CPU
		{5EE3D939-8F56-43F6-A661-A657EFFEB2F5}.Debug|Any CPU.Build.0 = Debug|Any CPU
		{5EE3D939-8F56-43F6-A661-A657EFFEB2F5}.Release|Any CPU.ActiveCfg = Release|Any CPU
		{5EE3D939-8F56-43F6-A661-A657EFFEB2F5}.Release|Any CPU.Build.0 = Release|Any CPU
	EndGlobalSection
	GlobalSection(SolutionProperties) = preSolution
		HideSolutionNode = FALSE
	EndGlobalSection
	GlobalSection(NestedProjects) = preSolution
		{5EE3D939-8F56-43F6-A661-A657EFFEB2F5} = {22A5EE50-0F5A-4772-B94E-A9B3371C6C03}
	EndGlobalSection
	GlobalSection(ExtensibilityGlobals) = postSolution
		SolutionGuid = {FB83572D-D13C-435F-9BF6-DD6DF2F26FBB}
	EndGlobalSection
EndGlobal
